
Microsoft Visual Studio Solution File, Format Version 12.00
# Visual Studio Version 17
VisualStudioVersion = 17.3.32901.215
MinimumVisualStudioVersion = 10.0.40219.1
Project("{FAE04EC0-301F-11D3-BF4B-00C04F79EFBC}") = "Trabajo_Martos_Stefania", "Trabajo_Martos_Stefania.csproj", "{5837D781-E107-4F24-9871-F3A3B8374B0B}"
EndProject
Global
	GlobalSection(SolutionConfigurationPlatforms) = preSolution
		Debug|Any CPU = Debug|Any CPU
		Release|Any CPU = Release|Any CPU
	EndGlobalSection
	GlobalSection(ProjectConfigurationPlatforms) = postSolution
		{5837D781-E107-4F24-9871-F3A3B8374B0B}.Debug|Any CPU.ActiveCfg = Debug|Any CPU
		{5837D781-E107-4F24-9871-F3A3B8374B0B}.Debug|Any CPU.Build.0 = Debug|Any CPU
		{5837D781-E107-4F24-9871-F3A3B8374B0B}.Release|Any CPU.ActiveCfg = Release|Any CPU
		{5837D781-E107-4F24-9871-F3A3B8374B0B}.Release|Any CPU.Build.0 = Release|Any CPU
	EndGlobalSection
	GlobalSection(SolutionProperties) = preSolution
		HideSolutionNode = FALSE
	EndGlobalSection
	GlobalSection(ExtensibilityGlobals) = postSolution
		SolutionGuid = {ED848A51-C2C3-46A5-924A-713128F9770D}
	EndGlobalSection
EndGlobal
